
Microsoft Visual Studio Solution File, Format Version 12.00
# Visual Studio 15
VisualStudioVersion = 15.0.28307.757
MinimumVisualStudioVersion = 10.0.40219.1
Project("{FAE04EC0-301F-11D3-BF4B-00C04F79EFBC}") = "final_Portfolio", "final_Portfolio\final_Portfolio.csproj", "{0A1639BE-04C4-4F9B-8121-3607F65596CD}"
EndProject
Global
	GlobalSection(SolutionConfigurationPlatforms) = preSolution
		Debug|Any CPU = Debug|Any CPU
		Release|Any CPU = Release|Any CPU
	EndGlobalSection
	GlobalSection(ProjectConfigurationPlatforms) = postSolution
		{0A1639BE-04C4-4F9B-8121-3607F65596CD}.Debug|Any CPU.ActiveCfg = Debug|Any CPU
		{0A1639BE-04C4-4F9B-8121-3607F65596CD}.Debug|Any CPU.Build.0 = Debug|Any CPU
		{0A1639BE-04C4-4F9B-8121-3607F65596CD}.Release|Any CPU.ActiveCfg = Release|Any CPU
		{0A1639BE-04C4-4F9B-8121-3607F65596CD}.Release|Any CPU.Build.0 = Release|Any CPU
	EndGlobalSection
	GlobalSection(SolutionProperties) = preSolution
		HideSolutionNode = FALSE
	EndGlobalSection
	GlobalSection(ExtensibilityGlobals) = postSolution
		SolutionGuid = {BD194083-BD79-485B-A811-EFAC99FE9A9E}
	EndGlobalSection
EndGlobal
